
Microsoft Visual Studio Solution File, Format Version 12.00
# Visual Studio Version 17
VisualStudioVersion = 17.14.36518.9 d17.14
MinimumVisualStudioVersion = 10.0.40219.1
Project("{FAE04EC0-301F-11D3-BF4B-00C04F79EFBC}") = "Full_Name", "Full_Name\Full_Name.csproj", "{31CAE5E8-99EF-404E-BE98-15A86055CD06}"
EndProject
Global
	GlobalSection(SolutionConfigurationPlatforms) = preSolution
		Debug|Any CPU = Debug|Any CPU
		Release|Any CPU = Release|Any CPU
	EndGlobalSection
	GlobalSection(ProjectConfigurationPlatforms) = postSolution
		{31CAE5E8-99EF-404E-BE98-15A86055CD06}.Debug|Any CPU.ActiveCfg = Debug|Any CPU
		{31CAE5E8-99EF-404E-BE98-15A86055CD06}.Debug|Any CPU.Build.0 = Debug|Any CPU
		{31CAE5E8-99EF-404E-BE98-15A86055CD06}.Release|Any CPU.ActiveCfg = Release|Any CPU
		{31CAE5E8-99EF-404E-BE98-15A86055CD06}.Release|Any CPU.Build.0 = Release|Any CPU
	EndGlobalSection
	GlobalSection(SolutionProperties) = preSolution
		HideSolutionNode = FALSE
	EndGlobalSection
	GlobalSection(ExtensibilityGlobals) = postSolution
		SolutionGuid = {8F7F0732-2AC1-43D4-9375-74895744E039}
	EndGlobalSection
EndGlobal
